
Microsoft Visual Studio Solution File, Format Version 12.00
# Visual Studio Version 16
VisualStudioVersion = 16.0.29509.3
MinimumVisualStudioVersion = 10.0.40219.1
Project("{888888A0-9F3D-457C-B088-3A5042F75D52}") = "BetQuotes", "BetQuotes.pyproj", "{57B797A3-046B-45AC-B67A-5CC193D5D39D}"
EndProject
Global
	GlobalSection(SolutionConfigurationPlatforms) = preSolution
		Debug|Any CPU = Debug|Any CPU
		Release|Any CPU = Release|Any CPU
	EndGlobalSection
	GlobalSection(ProjectConfigurationPlatforms) = postSolution
		{57B797A3-046B-45AC-B67A-5CC193D5D39D}.Debug|Any CPU.ActiveCfg = Debug|Any CPU
		{57B797A3-046B-45AC-B67A-5CC193D5D39D}.Release|Any CPU.ActiveCfg = Release|Any CPU
	EndGlobalSection
	GlobalSection(SolutionProperties) = preSolution
		HideSolutionNode = FALSE
	EndGlobalSection
	GlobalSection(ExtensibilityGlobals) = postSolution
		SolutionGuid = {5432E46F-C8D6-4DCA-8848-D145AF1791FB}
	EndGlobalSection
EndGlobal
